
Microsoft Visual Studio Solution File, Format Version 12.00
# Visual Studio Version 17
VisualStudioVersion = 17.14.36327.8 d17.14
MinimumVisualStudioVersion = 10.0.40219.1
Project("{FAE04EC0-301F-11D3-BF4B-00C04F79EFBC}") = "WPF_study", "WPF_study.csproj", "{87910A0A-DD4A-4EE7-B9A0-82FF729B4524}"
EndProject
Global
	GlobalSection(SolutionConfigurationPlatforms) = preSolution
		Debug|Any CPU = Debug|Any CPU
		Release|Any CPU = Release|Any CPU
	EndGlobalSection
	GlobalSection(ProjectConfigurationPlatforms) = postSolution
		{87910A0A-DD4A-4EE7-B9A0-82FF729B4524}.Debug|Any CPU.ActiveCfg = Debug|Any CPU
		{87910A0A-DD4A-4EE7-B9A0-82FF729B4524}.Debug|Any CPU.Build.0 = Debug|Any CPU
		{87910A0A-DD4A-4EE7-B9A0-82FF729B4524}.Release|Any CPU.ActiveCfg = Release|Any CPU
		{87910A0A-DD4A-4EE7-B9A0-82FF729B4524}.Release|Any CPU.Build.0 = Release|Any CPU
	EndGlobalSection
	GlobalSection(SolutionProperties) = preSolution
		HideSolutionNode = FALSE
	EndGlobalSection
	GlobalSection(ExtensibilityGlobals) = postSolution
		SolutionGuid = {AA85F438-9FDF-4B6B-9117-8C33ABCB17D0}
	EndGlobalSection
EndGlobal
